dependencies:
- name: magda
  repository: file://../magda
  version: 2.0.0-alpha.0
- name: magda-auth-internal
  repository: https://charts.magda.io
  version: 1.2.3
- name: magda-auth-google
  repository: https://charts.magda.io
  version: 1.2.3
- name: magda-ckan-connector
  repository: https://charts.magda.io
  version: 1.3.0
- name: portal
  repository: file://../portal
  version: 0.1.0
digest: sha256:7ba5edcea398d11ac03e9275861351dc26b65399943a602e401f3449ce2ba54d
generated: "2022-06-29T17:12:30.93814+10:00"
