dependencies:
- name: magda
  repository: file://../magda
  version: 2.0.0-alpha.0
- name: magda-auth-internal
  repository: https://charts.magda.io
  version: 1.2.3
- name: magda-auth-google
  repository: https://charts.magda.io
  version: 1.2.3
- name: magda-ckan-connector
  repository: https://charts.magda.io
  version: 1.3.0
- name: portal
  repository: file://../portal
  version: 0.1.0
- name: terria
  repository: file://../terria
  version: 0.0.1
digest: sha256:00bdb32d5a7d01dd738c9c01ff91679ae31932975311eab01c6207687d9e88e3
generated: "2022-06-29T17:56:04.726844+10:00"
