dependencies:
- name: magda
  repository: file://../magda
  version: 2.0.0-alpha.0
- name: magda-auth-internal
  repository: https://charts.magda.io
  version: 1.2.3
- name: magda-auth-google
  repository: https://charts.magda.io
  version: 1.2.3
- name: magda-ckan-connector
  repository: https://charts.magda.io
  version: 1.3.0
digest: sha256:e304ae90fdf337e1b79425a9dbd9a915e8a1e732d1e0b2bccd21d43d5fbd45de
generated: "2022-06-27T15:17:27.188796+10:00"
